
Microsoft Visual Studio Solution File, Format Version 12.00
# Visual Studio Version 17
VisualStudioVersion = 17.6.33723.286
MinimumVisualStudioVersion = 10.0.40219.1
Project("{8BC9CEB8-8B4A-11D0-8D11-00A0C91BC942}") = "Project1", "Project1.vcxproj", "{F4AD68C5-FC59-45B2-A22F-8A6769695B10}"
EndProject
Global
	GlobalSection(SolutionConfigurationPlatforms) = preSolution
		Debug|x64 = Debug|x64
		Debug|x86 = Debug|x86
		Release|x64 = Release|x64
		Release|x86 = Release|x86
	EndGlobalSection
	GlobalSection(ProjectConfigurationPlatforms) = postSolution
		{F4AD68C5-FC59-45B2-A22F-8A6769695B10}.Debug|x64.ActiveCfg = Debug|x64
		{F4AD68C5-FC59-45B2-A22F-8A6769695B10}.Debug|x64.Build.0 = Debug|x64
		{F4AD68C5-FC59-45B2-A22F-8A6769695B10}.Debug|x86.ActiveCfg = Debug|Win32
		{F4AD68C5-FC59-45B2-A22F-8A6769695B10}.Debug|x86.Build.0 = Debug|Win32
		{F4AD68C5-FC59-45B2-A22F-8A6769695B10}.Release|x64.ActiveCfg = Release|x64
		{F4AD68C5-FC59-45B2-A22F-8A6769695B10}.Release|x64.Build.0 = Release|x64
		{F4AD68C5-FC59-45B2-A22F-8A6769695B10}.Release|x86.ActiveCfg = Release|Win32
		{F4AD68C5-FC59-45B2-A22F-8A6769695B10}.Release|x86.Build.0 = Release|Win32
	EndGlobalSection
	GlobalSection(SolutionProperties) = preSolution
		HideSolutionNode = FALSE
	EndGlobalSection
	GlobalSection(ExtensibilityGlobals) = postSolution
		SolutionGuid = {D3F1C68E-32B2-4EE3-9B9F-AF2E2D37AEDD}
	EndGlobalSection
EndGlobal
